
Microsoft Visual Studio Solution File, Format Version 12.00
# Visual Studio Version 17
VisualStudioVersion = 17.8.34525.116
MinimumVisualStudioVersion = 10.0.40219.1
Project("{2150E333-8FDC-42A3-9474-1A3956D46DE8}") = "SimpleFactory", "SimpleFactory", "{0ECB24B7-6E9C-4712-B0DC-D5181AE9E24A}"
EndProject
Project("{9A19103F-16F7-4668-BE54-9A1E7A4F7556}") = "SimpleFactory.Console", "SimpleFactory\SimpleFactory.Console\SimpleFactory.Console.csproj", "{19C17DBF-8E31-4BDD-B1F9-F637D80B14A7}"
EndProject
Project("{9A19103F-16F7-4668-BE54-9A1E7A4F7556}") = "SimpleFactory.Common", "SimpleFactory\SimpleFactory.Common\SimpleFactory.Common.csproj", "{0342FDA1-E0F6-4980-BBC5-6FAA83EE5199}"
EndProject
Project("{2150E333-8FDC-42A3-9474-1A3956D46DE8}") = "Strategy", "Strategy", "{1980CA08-7E59-495E-A2A3-7349D1C0989D}"
EndProject
Project("{9A19103F-16F7-4668-BE54-9A1E7A4F7556}") = "Strategy.Common", "Strategy\Strategy.Common\Strategy.Common.csproj", "{14EA16D8-2368-437D-ADF0-6BA7BEA988AB}"
EndProject
Project("{9A19103F-16F7-4668-BE54-9A1E7A4F7556}") = "Strategy.Winform", "Strategy\Strategy.Winform\Strategy.Winform.csproj", "{AFA92FE6-9867-4A15-982E-EC848A34044A}"
EndProject
Project("{2150E333-8FDC-42A3-9474-1A3956D46DE8}") = "Decorator", "Decorator", "{CF0272BE-6441-4D60-B1A9-E25AE8300E34}"
EndProject
Project("{9A19103F-16F7-4668-BE54-9A1E7A4F7556}") = "Decorator.Common", "Decorator\Decorator.Common\Decorator.Common.csproj", "{A93BDA37-5A83-463B-9B5C-A66A54D16147}"
EndProject
Project("{9A19103F-16F7-4668-BE54-9A1E7A4F7556}") = "Decorator.Console", "Decorator\Decorator.Console\Decorator.Console.csproj", "{28FBFAFF-9050-4F2E-94A7-3029B112F575}"
EndProject
Project("{2150E333-8FDC-42A3-9474-1A3956D46DE8}") = "Proxy", "Proxy", "{B7EAD366-E950-4717-BDB6-6F68E2A3BF5A}"
EndProject
Project("{9A19103F-16F7-4668-BE54-9A1E7A4F7556}") = "Proxy.Common", "Proxy\Proxy.Common\Proxy.Common.csproj", "{0AC026CD-D3B0-48A6-AA0B-D97CF32F0D2D}"
EndProject
Project("{9A19103F-16F7-4668-BE54-9A1E7A4F7556}") = "Proxy.Console", "Proxy\Proxy.Console\Proxy.Console.csproj", "{C826B0E7-E3DD-4E6E-BBA3-F20BF5B306C6}"
EndProject
Project("{2150E333-8FDC-42A3-9474-1A3956D46DE8}") = "FactoryMethod", "FactoryMethod", "{14A65E99-C352-47B6-8E81-42E290F87F4D}"
EndProject
Project("{9A19103F-16F7-4668-BE54-9A1E7A4F7556}") = "FactoryMethod.Common", "FactoryMethod\FactoryMethod.Common\FactoryMethod.Common.csproj", "{4C0B6718-F18E-4514-9243-57DA33B1BAF5}"
EndProject
Project("{9A19103F-16F7-4668-BE54-9A1E7A4F7556}") = "FactoryMethod.Console", "FactoryMethod\FactoryMethod.Console\FactoryMethod.Console.csproj", "{6995C549-5909-44A0-B0BA-A8680F2B5CA6}"
EndProject
Project("{2150E333-8FDC-42A3-9474-1A3956D46DE8}") = "ProtoType", "ProtoType", "{90566EE9-BCF7-4C88-A1B1-C7E883A94100}"
EndProject
Project("{9A19103F-16F7-4668-BE54-9A1E7A4F7556}") = "ProtoType.Common", "ProtoType\ProtoType.Common\ProtoType.Common.csproj", "{07415DA0-BF47-433C-BA59-AF6B0F6378AE}"
EndProject
Project("{9A19103F-16F7-4668-BE54-9A1E7A4F7556}") = "ProtoType.Console", "ProtoType\ProtoType.Console\ProtoType.Console.csproj", "{D7892E41-1FB6-4850-872B-F2600BE0B6CF}"
EndProject
Project("{2150E333-8FDC-42A3-9474-1A3956D46DE8}") = "TemplateMethod", "TemplateMethod", "{54A67564-90CD-42E4-807E-05DB4041F355}"
EndProject
Project("{9A19103F-16F7-4668-BE54-9A1E7A4F7556}") = "TemplateMethod.Common", "TemplateMethod\TemplateMethod.Common\TemplateMethod.Common.csproj", "{B1374BFF-B68D-4BA9-A4DA-020374788C43}"
EndProject
Project("{2150E333-8FDC-42A3-9474-1A3956D46DE8}") = "Facade", "Facade", "{34C0E7EA-65EC-4316-88BC-4A2CCDD92090}"
EndProject
Project("{9A19103F-16F7-4668-BE54-9A1E7A4F7556}") = "Facade.Common", "Facade\Facade.Common\Facade.Common.csproj", "{8D9D6A5B-A5B3-4068-8F8C-246731999D6C}"
EndProject
Project("{9A19103F-16F7-4668-BE54-9A1E7A4F7556}") = "Facade.Console", "Facade\Facade.Console\Facade.Console.csproj", "{7C8C91E7-582E-4874-8003-2E56320B6991}"
EndProject
Project("{2150E333-8FDC-42A3-9474-1A3956D46DE8}") = "Builder", "Builder", "{55EB2489-EEA0-40CF-9AB5-31489716698A}"
EndProject
Project("{9A19103F-16F7-4668-BE54-9A1E7A4F7556}") = "Builder.Common", "Builder\Builder.Common\Builder.Common.csproj", "{1398BB78-F713-488A-832F-1EF43A8A6923}"
EndProject
Project("{9A19103F-16F7-4668-BE54-9A1E7A4F7556}") = "Builder.Console", "Builder\Builder.Console\Builder.Console.csproj", "{A73DE361-2169-42EE-A64C-C8CCF4FCCB4B}"
EndProject
Project("{2150E333-8FDC-42A3-9474-1A3956D46DE8}") = "Observer", "Observer", "{68F62F43-68B0-4421-8717-209B20AA0C36}"
EndProject
Project("{9A19103F-16F7-4668-BE54-9A1E7A4F7556}") = "Observer.Common", "Observer\Observer.Common\Observer.Common.csproj", "{7FC93CFB-D8A8-4510-ADEA-D60715FF34BA}"
EndProject
Project("{FAE04EC0-301F-11D3-BF4B-00C04F79EFBC}") = "Observer.Console", "Observer\Observer.Console\Observer.Console.csproj", "{E822B134-501A-44D1-9850-20283795BE45}"
EndProject
Project("{9A19103F-16F7-4668-BE54-9A1E7A4F7556}") = "TemplateMethod.Console", "TemplateMethod\TemplateMethod.Console\TemplateMethod.Console.csproj", "{B4D09B34-16AA-4A70-A8F5-7B6F3911C02F}"
EndProject
Global
	GlobalSection(SolutionConfigurationPlatforms) = preSolution
		Debug|Any CPU = Debug|Any CPU
		Release|Any CPU = Release|Any CPU
	EndGlobalSection
	GlobalSection(ProjectConfigurationPlatforms) = postSolution
		{19C17DBF-8E31-4BDD-B1F9-F637D80B14A7}.Debug|Any CPU.ActiveCfg = Debug|Any CPU
		{19C17DBF-8E31-4BDD-B1F9-F637D80B14A7}.Debug|Any CPU.Build.0 = Debug|Any CPU
		{19C17DBF-8E31-4BDD-B1F9-F637D80B14A7}.Release|Any CPU.ActiveCfg = Release|Any CPU
		{19C17DBF-8E31-4BDD-B1F9-F637D80B14A7}.Release|Any CPU.Build.0 = Release|Any CPU
		{0342FDA1-E0F6-4980-BBC5-6FAA83EE5199}.Debug|Any CPU.ActiveCfg = Debug|Any CPU
		{0342FDA1-E0F6-4980-BBC5-6FAA83EE5199}.Debug|Any CPU.Build.0 = Debug|Any CPU
		{0342FDA1-E0F6-4980-BBC5-6FAA83EE5199}.Release|Any CPU.ActiveCfg = Release|Any CPU
		{0342FDA1-E0F6-4980-BBC5-6FAA83EE5199}.Release|Any CPU.Build.0 = Release|Any CPU
		{14EA16D8-2368-437D-ADF0-6BA7BEA988AB}.Debug|Any CPU.ActiveCfg = Debug|Any CPU
		{14EA16D8-2368-437D-ADF0-6BA7BEA988AB}.Debug|Any CPU.Build.0 = Debug|Any CPU
		{14EA16D8-2368-437D-ADF0-6BA7BEA988AB}.Release|Any CPU.ActiveCfg = Release|Any CPU
		{14EA16D8-2368-437D-ADF0-6BA7BEA988AB}.Release|Any CPU.Build.0 = Release|Any CPU
		{AFA92FE6-9867-4A15-982E-EC848A34044A}.Debug|Any CPU.ActiveCfg = Debug|Any CPU
		{AFA92FE6-9867-4A15-982E-EC848A34044A}.Debug|Any CPU.Build.0 = Debug|Any CPU
		{AFA92FE6-9867-4A15-982E-EC848A34044A}.Release|Any CPU.ActiveCfg = Release|Any CPU
		{AFA92FE6-9867-4A15-982E-EC848A34044A}.Release|Any CPU.Build.0 = Release|Any CPU
		{A93BDA37-5A83-463B-9B5C-A66A54D16147}.Debug|Any CPU.ActiveCfg = Debug|Any CPU
		{A93BDA37-5A83-463B-9B5C-A66A54D16147}.Debug|Any CPU.Build.0 = Debug|Any CPU
		{A93BDA37-5A83-463B-9B5C-A66A54D16147}.Release|Any CPU.ActiveCfg = Release|Any CPU
		{A93BDA37-5A83-463B-9B5C-A66A54D16147}.Release|Any CPU.Build.0 = Release|Any CPU
		{28FBFAFF-9050-4F2E-94A7-3029B112F575}.Debug|Any CPU.ActiveCfg = Debug|Any CPU
		{28FBFAFF-9050-4F2E-94A7-3029B112F575}.Debug|Any CPU.Build.0 = Debug|Any CPU
		{28FBFAFF-9050-4F2E-94A7-3029B112F575}.Release|Any CPU.ActiveCfg = Release|Any CPU
		{28FBFAFF-9050-4F2E-94A7-3029B112F575}.Release|Any CPU.Build.0 = Release|Any CPU
		{0AC026CD-D3B0-48A6-AA0B-D97CF32F0D2D}.Debug|Any CPU.ActiveCfg = Debug|Any CPU
		{0AC026CD-D3B0-48A6-AA0B-D97CF32F0D2D}.Debug|Any CPU.Build.0 = Debug|Any CPU
		{0AC026CD-D3B0-48A6-AA0B-D97CF32F0D2D}.Release|Any CPU.ActiveCfg = Release|Any CPU
		{0AC026CD-D3B0-48A6-AA0B-D97CF32F0D2D}.Release|Any CPU.Build.0 = Release|Any CPU
		{C826B0E7-E3DD-4E6E-BBA3-F20BF5B306C6}.Debug|Any CPU.ActiveCfg = Debug|Any CPU
		{C826B0E7-E3DD-4E6E-BBA3-F20BF5B306C6}.Debug|Any CPU.Build.0 = Debug|Any CPU
		{C826B0E7-E3DD-4E6E-BBA3-F20BF5B306C6}.Release|Any CPU.ActiveCfg = Release|Any CPU
		{C826B0E7-E3DD-4E6E-BBA3-F20BF5B306C6}.Release|Any CPU.Build.0 = Release|Any CPU
		{4C0B6718-F18E-4514-9243-57DA33B1BAF5}.Debug|Any CPU.ActiveCfg = Debug|Any CPU
		{4C0B6718-F18E-4514-9243-57DA33B1BAF5}.Debug|Any CPU.Build.0 = Debug|Any CPU
		{4C0B6718-F18E-4514-9243-57DA33B1BAF5}.Release|Any CPU.ActiveCfg = Release|Any CPU
		{4C0B6718-F18E-4514-9243-57DA33B1BAF5}.Release|Any CPU.Build.0 = Release|Any CPU
		{6995C549-5909-44A0-B0BA-A8680F2B5CA6}.Debug|Any CPU.ActiveCfg = Debug|Any CPU
		{6995C549-5909-44A0-B0BA-A8680F2B5CA6}.Debug|Any CPU.Build.0 = Debug|Any CPU
		{6995C549-5909-44A0-B0BA-A8680F2B5CA6}.Release|Any CPU.ActiveCfg = Release|Any CPU
		{6995C549-5909-44A0-B0BA-A8680F2B5CA6}.Release|Any CPU.Build.0 = Release|Any CPU
		{07415DA0-BF47-433C-BA59-AF6B0F6378AE}.Debug|Any CPU.ActiveCfg = Debug|Any CPU
		{07415DA0-BF47-433C-BA59-AF6B0F6378AE}.Debug|Any CPU.Build.0 = Debug|Any CPU
		{07415DA0-BF47-433C-BA59-AF6B0F6378AE}.Release|Any CPU.ActiveCfg = Release|Any CPU
		{07415DA0-BF47-433C-BA59-AF6B0F6378AE}.Release|Any CPU.Build.0 = Release|Any CPU
		{D7892E41-1FB6-4850-872B-F2600BE0B6CF}.Debug|Any CPU.ActiveCfg = Debug|Any CPU
		{D7892E41-1FB6-4850-872B-F2600BE0B6CF}.Debug|Any CPU.Build.0 = Debug|Any CPU
		{D7892E41-1FB6-4850-872B-F2600BE0B6CF}.Release|Any CPU.ActiveCfg = Release|Any CPU
		{D7892E41-1FB6-4850-872B-F2600BE0B6CF}.Release|Any CPU.Build.0 = Release|Any CPU
		{B1374BFF-B68D-4BA9-A4DA-020374788C43}.Debug|Any CPU.ActiveCfg = Debug|Any CPU
		{B1374BFF-B68D-4BA9-A4DA-020374788C43}.Debug|Any CPU.Build.0 = Debug|Any CPU
		{B1374BFF-B68D-4BA9-A4DA-020374788C43}.Release|Any CPU.ActiveCfg = Release|Any CPU
		{B1374BFF-B68D-4BA9-A4DA-020374788C43}.Release|Any CPU.Build.0 = Release|Any CPU
		{8D9D6A5B-A5B3-4068-8F8C-246731999D6C}.Debug|Any CPU.ActiveCfg = Debug|Any CPU
		{8D9D6A5B-A5B3-4068-8F8C-246731999D6C}.Debug|Any CPU.Build.0 = Debug|Any CPU
		{8D9D6A5B-A5B3-4068-8F8C-246731999D6C}.Release|Any CPU.ActiveCfg = Release|Any CPU
		{8D9D6A5B-A5B3-4068-8F8C-246731999D6C}.Release|Any CPU.Build.0 = Release|Any CPU
		{7C8C91E7-582E-4874-8003-2E56320B6991}.Debug|Any CPU.ActiveCfg = Debug|Any CPU
		{7C8C91E7-582E-4874-8003-2E56320B6991}.Debug|Any CPU.Build.0 = Debug|Any CPU
		{7C8C91E7-582E-4874-8003-2E56320B6991}.Release|Any CPU.ActiveCfg = Release|Any CPU
		{7C8C91E7-582E-4874-8003-2E56320B6991}.Release|Any CPU.Build.0 = Release|Any CPU
		{1398BB78-F713-488A-832F-1EF43A8A6923}.Debug|Any CPU.ActiveCfg = Debug|Any CPU
		{1398BB78-F713-488A-832F-1EF43A8A6923}.Debug|Any CPU.Build.0 = Debug|Any CPU
		{1398BB78-F713-488A-832F-1EF43A8A6923}.Release|Any CPU.ActiveCfg = Release|Any CPU
		{1398BB78-F713-488A-832F-1EF43A8A6923}.Release|Any CPU.Build.0 = Release|Any CPU
		{A73DE361-2169-42EE-A64C-C8CCF4FCCB4B}.Debug|Any CPU.ActiveCfg = Debug|Any CPU
		{A73DE361-2169-42EE-A64C-C8CCF4FCCB4B}.Debug|Any CPU.Build.0 = Debug|Any CPU
		{A73DE361-2169-42EE-A64C-C8CCF4FCCB4B}.Release|Any CPU.ActiveCfg = Release|Any CPU
		{A73DE361-2169-42EE-A64C-C8CCF4FCCB4B}.Release|Any CPU.Build.0 = Release|Any CPU
		{7FC93CFB-D8A8-4510-ADEA-D60715FF34BA}.Debug|Any CPU.ActiveCfg = Debug|Any CPU
		{7FC93CFB-D8A8-4510-ADEA-D60715FF34BA}.Debug|Any CPU.Build.0 = Debug|Any CPU
		{7FC93CFB-D8A8-4510-ADEA-D60715FF34BA}.Release|Any CPU.ActiveCfg = Release|Any CPU
		{7FC93CFB-D8A8-4510-ADEA-D60715FF34BA}.Release|Any CPU.Build.0 = Release|Any CPU
		{E822B134-501A-44D1-9850-20283795BE45}.Debug|Any CPU.ActiveCfg = Debug|Any CPU
		{E822B134-501A-44D1-9850-20283795BE45}.Debug|Any CPU.Build.0 = Debug|Any CPU
		{E822B134-501A-44D1-9850-20283795BE45}.Release|Any CPU.ActiveCfg = Release|Any CPU
		{E822B134-501A-44D1-9850-20283795BE45}.Release|Any CPU.Build.0 = Release|Any CPU
		{B4D09B34-16AA-4A70-A8F5-7B6F3911C02F}.Debug|Any CPU.ActiveCfg = Debug|Any CPU
		{B4D09B34-16AA-4A70-A8F5-7B6F3911C02F}.Debug|Any CPU.Build.0 = Debug|Any CPU
		{B4D09B34-16AA-4A70-A8F5-7B6F3911C02F}.Release|Any CPU.ActiveCfg = Release|Any CPU
		{B4D09B34-16AA-4A70-A8F5-7B6F3911C02F}.Release|Any CPU.Build.0 = Release|Any CPU
	EndGlobalSection
	GlobalSection(SolutionProperties) = preSolution
		HideSolutionNode = FALSE
	EndGlobalSection
	GlobalSection(NestedProjects) = preSolution
		{19C17DBF-8E31-4BDD-B1F9-F637D80B14A7} = {0ECB24B7-6E9C-4712-B0DC-D5181AE9E24A}
		{0342FDA1-E0F6-4980-BBC5-6FAA83EE5199} = {0ECB24B7-6E9C-4712-B0DC-D5181AE9E24A}
		{14EA16D8-2368-437D-ADF0-6BA7BEA988AB} = {1980CA08-7E59-495E-A2A3-7349D1C0989D}
		{AFA92FE6-9867-4A15-982E-EC848A34044A} = {1980CA08-7E59-495E-A2A3-7349D1C0989D}
		{A93BDA37-5A83-463B-9B5C-A66A54D16147} = {CF0272BE-6441-4D60-B1A9-E25AE8300E34}
		{28FBFAFF-9050-4F2E-94A7-3029B112F575} = {CF0272BE-6441-4D60-B1A9-E25AE8300E34}
		{0AC026CD-D3B0-48A6-AA0B-D97CF32F0D2D} = {B7EAD366-E950-4717-BDB6-6F68E2A3BF5A}
		{C826B0E7-E3DD-4E6E-BBA3-F20BF5B306C6} = {B7EAD366-E950-4717-BDB6-6F68E2A3BF5A}
		{4C0B6718-F18E-4514-9243-57DA33B1BAF5} = {14A65E99-C352-47B6-8E81-42E290F87F4D}
		{6995C549-5909-44A0-B0BA-A8680F2B5CA6} = {14A65E99-C352-47B6-8E81-42E290F87F4D}
		{07415DA0-BF47-433C-BA59-AF6B0F6378AE} = {90566EE9-BCF7-4C88-A1B1-C7E883A94100}
		{D7892E41-1FB6-4850-872B-F2600BE0B6CF} = {90566EE9-BCF7-4C88-A1B1-C7E883A94100}
		{B1374BFF-B68D-4BA9-A4DA-020374788C43} = {54A67564-90CD-42E4-807E-05DB4041F355}
		{8D9D6A5B-A5B3-4068-8F8C-246731999D6C} = {34C0E7EA-65EC-4316-88BC-4A2CCDD92090}
		{7C8C91E7-582E-4874-8003-2E56320B6991} = {34C0E7EA-65EC-4316-88BC-4A2CCDD92090}
		{1398BB78-F713-488A-832F-1EF43A8A6923} = {55EB2489-EEA0-40CF-9AB5-31489716698A}
		{A73DE361-2169-42EE-A64C-C8CCF4FCCB4B} = {55EB2489-EEA0-40CF-9AB5-31489716698A}
		{7FC93CFB-D8A8-4510-ADEA-D60715FF34BA} = {68F62F43-68B0-4421-8717-209B20AA0C36}
		{E822B134-501A-44D1-9850-20283795BE45} = {68F62F43-68B0-4421-8717-209B20AA0C36}
		{B4D09B34-16AA-4A70-A8F5-7B6F3911C02F} = {54A67564-90CD-42E4-807E-05DB4041F355}
	EndGlobalSection
	GlobalSection(ExtensibilityGlobals) = postSolution
		SolutionGuid = {FA39F0F4-5798-4A8E-AA24-060D8AB159C9}
	EndGlobalSection
EndGlobal
